
Microsoft Visual Studio Solution File, Format Version 12.00
# Visual Studio Version 16
VisualStudioVersion = 16.0.29609.76
MinimumVisualStudioVersion = 10.0.40219.1
Project("{9A19103F-16F7-4668-BE54-9A1E7A4F7556}") = "ImageRecognition", "ImageRecognition\ImageRecognition.csproj", "{12E58B58-DA40-47D4-B5C9-73A546B25BF7}"
EndProject
Project("{9A19103F-16F7-4668-BE54-9A1E7A4F7556}") = "ImageRecognitionWeb", "ImageRecognitionWeb\ImageRecognitionWeb.csproj", "{7FE22A9C-2EA2-440B-88A4-2C2A109537B4}"
EndProject
Project("{FAE04EC0-301F-11D3-BF4B-00C04F79EFBC}") = "ImageRecognition2", "ImageRecognition2\ImageRecognition2.csproj", "{283A6767-9F63-4501-9624-8838D989B454}"
EndProject
Global
	GlobalSection(SolutionConfigurationPlatforms) = preSolution
		Debug|Any CPU = Debug|Any CPU
		Release|Any CPU = Release|Any CPU
	EndGlobalSection
	GlobalSection(ProjectConfigurationPlatforms) = postSolution
		{12E58B58-DA40-47D4-B5C9-73A546B25BF7}.Debug|Any CPU.ActiveCfg = Debug|Any CPU
		{12E58B58-DA40-47D4-B5C9-73A546B25BF7}.Debug|Any CPU.Build.0 = Debug|Any CPU
		{12E58B58-DA40-47D4-B5C9-73A546B25BF7}.Release|Any CPU.ActiveCfg = Release|Any CPU
		{12E58B58-DA40-47D4-B5C9-73A546B25BF7}.Release|Any CPU.Build.0 = Release|Any CPU
		{7FE22A9C-2EA2-440B-88A4-2C2A109537B4}.Debug|Any CPU.ActiveCfg = Debug|Any CPU
		{7FE22A9C-2EA2-440B-88A4-2C2A109537B4}.Debug|Any CPU.Build.0 = Debug|Any CPU
		{7FE22A9C-2EA2-440B-88A4-2C2A109537B4}.Release|Any CPU.ActiveCfg = Release|Any CPU
		{7FE22A9C-2EA2-440B-88A4-2C2A109537B4}.Release|Any CPU.Build.0 = Release|Any CPU
		{283A6767-9F63-4501-9624-8838D989B454}.Debug|Any CPU.ActiveCfg = Debug|Any CPU
		{283A6767-9F63-4501-9624-8838D989B454}.Debug|Any CPU.Build.0 = Debug|Any CPU
		{283A6767-9F63-4501-9624-8838D989B454}.Release|Any CPU.ActiveCfg = Release|Any CPU
		{283A6767-9F63-4501-9624-8838D989B454}.Release|Any CPU.Build.0 = Release|Any CPU
	EndGlobalSection
	GlobalSection(SolutionProperties) = preSolution
		HideSolutionNode = FALSE
	EndGlobalSection
	GlobalSection(ExtensibilityGlobals) = postSolution
		SolutionGuid = {5C060B70-E476-4257-913C-A1ABD7602884}
	EndGlobalSection
EndGlobal
